lockfileVersion: 5.3

specifiers:
  json5: ^2.1.3
  keysender: ^1.5.0
  prettier: ^2.0.5

dependencies:
  json5: 2.1.3
  keysender: 1.5.0

devDependencies:
  prettier: 2.0.5

packages:

  /json5/2.1.3:
    resolution: {integrity: sha512-KXPvOm8K9IJKFM0bmdn8QXh7udDh1g/giieX0NLCaMnb4hEiVFqnop2ImTXCc5e0/oHz3LTqmHGtExn5hfMkOA==}
    engines: {node: '>=6'}
    hasBin: true
    dependencies:
      minimist: 1.2.5
    dev: false

  /keysender/1.5.0:
    resolution: {integrity: sha512-6GR5lYm/HbirtF5C2CUiAxqoX7upywhxBBV6FQFmtv15844qJgTXG9SQshxTcfu0oG5axrkt7SgrFhNd6Ic68A==}
    requiresBuild: true
    dependencies:
      lodash.isequal: 4.5.0
      node-addon-api: 2.0.0
    dev: false

  /lodash.isequal/4.5.0:
    resolution: {integrity: sha1-QVxEePK8wwEgwizhDtMib30+GOA=}
    dev: false

  /minimist/1.2.5:
    resolution: {integrity: sha512-FM9nNUYrRBAELZQT3xeZQ7fmMOBg6nWNmJKTcgsJeaLstP/UODVpGsr5OhXhhXg6f+qtJ8uiZ+PUxkDWcgIXLw==}
    dev: false

  /node-addon-api/2.0.0:
    resolution: {integrity: sha512-ASCL5U13as7HhOExbT6OlWJJUV/lLzL2voOSP1UVehpRD8FbSrSDjfScK/KwAvVTI5AS6r4VwbOMlIqtvRidnA==}
    dev: false

  /prettier/2.0.5:
    resolution: {integrity: sha512-7PtVymN48hGcO4fGjybyBSIWDsLU4H4XlvOHfq91pz9kkGlonzwTfYkaIEwiRg/dAJF9YlbsduBAgtYLi+8cFg==, registry: https://registry.npmjs.com/}
    engines: {node: '>=10.13.0'}
    hasBin: true
    dev: true
